
Microsoft Visual Studio Solution File, Format Version 12.00
# Visual Studio Version 17
VisualStudioVersion = 17.14.36717.8
MinimumVisualStudioVersion = 10.0.40219.1
Project("{FAE04EC0-301F-11D3-BF4B-00C04F79EFBC}") = "LibraryManager", "LibraryManager\LibraryManager.csproj", "{F0C67891-B8F7-4CA9-A386-558BF0D7F90A}"
EndProject
Project("{2150E333-8FDC-42A3-9474-1A3956D46DE8}") = "src", "src", "{02EA681E-C7D8-13C7-8484-4AC65E1B71E8}"
EndProject
Project("{2150E333-8FDC-42A3-9474-1A3956D46DE8}") = "UserInterfaces", "UserInterfaces", "{92E2E3F3-89A5-4786-975C-1FE45CB3F030}"
EndProject
Project("{2150E333-8FDC-42A3-9474-1A3956D46DE8}") = "DataLayer", "DataLayer", "{75AC7507-8BF4-4F7D-B530-875905D00292}"
EndProject
Project("{2150E333-8FDC-42A3-9474-1A3956D46DE8}") = "DomainLayer", "DomainLayer", "{3B2E10B3-EAE0-4DEC-9338-C3BB19DD0809}"
EndProject
Project("{FAE04EC0-301F-11D3-BF4B-00C04F79EFBC}") = "DataMapper", "DataMapper\DataMapper.csproj", "{44FFB2D5-D0C7-41A2-B638-C501B720FB2A}"
EndProject
Project("{2150E333-8FDC-42A3-9474-1A3956D46DE8}") = "DomainModel", "DomainModel", "{F8C48AAC-C935-4758-BC44-BBCF4D98206D}"
EndProject
Project("{FAE04EC0-301F-11D3-BF4B-00C04F79EFBC}") = "DomainModel", "DomainModel\DomainModel.csproj", "{91825706-74F6-476E-BA1B-979C61F9D12E}"
EndProject
Project("{2150E333-8FDC-42A3-9474-1A3956D46DE8}") = "ServiceLayer", "ServiceLayer", "{BB8F15A5-5098-4ABD-A387-C480197DDC59}"
EndProject
Project("{FAE04EC0-301F-11D3-BF4B-00C04F79EFBC}") = "ServiceLayer", "ServiceLayer\ServiceLayer.csproj", "{DC472A74-721A-4FC9-8492-C764E7215670}"
EndProject
Project("{2150E333-8FDC-42A3-9474-1A3956D46DE8}") = "Console", "Console", "{437210C4-FDA1-4C19-AD61-F123037F6EF8}"
EndProject
Project("{FAE04EC0-301F-11D3-BF4B-00C04F79EFBC}") = "ServiceLayer.UnitTests", "ServiceLayer.Tests\ServiceLayer.UnitTests.csproj", "{26E99544-9FA4-4090-80BD-869D3323DC40}"
EndProject
Project("{FAE04EC0-301F-11D3-BF4B-00C04F79EFBC}") = "DomainModel.UnitTests", "DomainModel.UnitTests\DomainModel.UnitTests.csproj", "{75F82F9E-3485-4737-A7FC-9D5DC7ED48A7}"
EndProject
Global
	GlobalSection(SolutionConfigurationPlatforms) = preSolution
		Debug|Any CPU = Debug|Any CPU
		Release|Any CPU = Release|Any CPU
	EndGlobalSection
	GlobalSection(ProjectConfigurationPlatforms) = postSolution
		{F0C67891-B8F7-4CA9-A386-558BF0D7F90A}.Debug|Any CPU.ActiveCfg = Debug|Any CPU
		{F0C67891-B8F7-4CA9-A386-558BF0D7F90A}.Debug|Any CPU.Build.0 = Debug|Any CPU
		{F0C67891-B8F7-4CA9-A386-558BF0D7F90A}.Release|Any CPU.ActiveCfg = Release|Any CPU
		{F0C67891-B8F7-4CA9-A386-558BF0D7F90A}.Release|Any CPU.Build.0 = Release|Any CPU
		{44FFB2D5-D0C7-41A2-B638-C501B720FB2A}.Debug|Any CPU.ActiveCfg = Debug|Any CPU
		{44FFB2D5-D0C7-41A2-B638-C501B720FB2A}.Debug|Any CPU.Build.0 = Debug|Any CPU
		{44FFB2D5-D0C7-41A2-B638-C501B720FB2A}.Release|Any CPU.ActiveCfg = Release|Any CPU
		{44FFB2D5-D0C7-41A2-B638-C501B720FB2A}.Release|Any CPU.Build.0 = Release|Any CPU
		{91825706-74F6-476E-BA1B-979C61F9D12E}.Debug|Any CPU.ActiveCfg = Debug|Any CPU
		{91825706-74F6-476E-BA1B-979C61F9D12E}.Debug|Any CPU.Build.0 = Debug|Any CPU
		{91825706-74F6-476E-BA1B-979C61F9D12E}.Release|Any CPU.ActiveCfg = Release|Any CPU
		{91825706-74F6-476E-BA1B-979C61F9D12E}.Release|Any CPU.Build.0 = Release|Any CPU
		{DC472A74-721A-4FC9-8492-C764E7215670}.Debug|Any CPU.ActiveCfg = Debug|Any CPU
		{DC472A74-721A-4FC9-8492-C764E7215670}.Debug|Any CPU.Build.0 = Debug|Any CPU
		{DC472A74-721A-4FC9-8492-C764E7215670}.Release|Any CPU.ActiveCfg = Release|Any CPU
		{DC472A74-721A-4FC9-8492-C764E7215670}.Release|Any CPU.Build.0 = Release|Any CPU
		{26E99544-9FA4-4090-80BD-869D3323DC40}.Debug|Any CPU.ActiveCfg = Debug|Any CPU
		{26E99544-9FA4-4090-80BD-869D3323DC40}.Debug|Any CPU.Build.0 = Debug|Any CPU
		{26E99544-9FA4-4090-80BD-869D3323DC40}.Release|Any CPU.ActiveCfg = Release|Any CPU
		{26E99544-9FA4-4090-80BD-869D3323DC40}.Release|Any CPU.Build.0 = Release|Any CPU
		{75F82F9E-3485-4737-A7FC-9D5DC7ED48A7}.Debug|Any CPU.ActiveCfg = Debug|Any CPU
		{75F82F9E-3485-4737-A7FC-9D5DC7ED48A7}.Debug|Any CPU.Build.0 = Debug|Any CPU
		{75F82F9E-3485-4737-A7FC-9D5DC7ED48A7}.Release|Any CPU.ActiveCfg = Release|Any CPU
		{75F82F9E-3485-4737-A7FC-9D5DC7ED48A7}.Release|Any CPU.Build.0 = Release|Any CPU
	EndGlobalSection
	GlobalSection(SolutionProperties) = preSolution
		HideSolutionNode = FALSE
	EndGlobalSection
	GlobalSection(NestedProjects) = preSolution
		{F0C67891-B8F7-4CA9-A386-558BF0D7F90A} = {437210C4-FDA1-4C19-AD61-F123037F6EF8}
		{92E2E3F3-89A5-4786-975C-1FE45CB3F030} = {02EA681E-C7D8-13C7-8484-4AC65E1B71E8}
		{75AC7507-8BF4-4F7D-B530-875905D00292} = {02EA681E-C7D8-13C7-8484-4AC65E1B71E8}
		{3B2E10B3-EAE0-4DEC-9338-C3BB19DD0809} = {02EA681E-C7D8-13C7-8484-4AC65E1B71E8}
		{44FFB2D5-D0C7-41A2-B638-C501B720FB2A} = {75AC7507-8BF4-4F7D-B530-875905D00292}
		{F8C48AAC-C935-4758-BC44-BBCF4D98206D} = {3B2E10B3-EAE0-4DEC-9338-C3BB19DD0809}
		{91825706-74F6-476E-BA1B-979C61F9D12E} = {F8C48AAC-C935-4758-BC44-BBCF4D98206D}
		{BB8F15A5-5098-4ABD-A387-C480197DDC59} = {3B2E10B3-EAE0-4DEC-9338-C3BB19DD0809}
		{DC472A74-721A-4FC9-8492-C764E7215670} = {BB8F15A5-5098-4ABD-A387-C480197DDC59}
		{437210C4-FDA1-4C19-AD61-F123037F6EF8} = {92E2E3F3-89A5-4786-975C-1FE45CB3F030}
		{26E99544-9FA4-4090-80BD-869D3323DC40} = {BB8F15A5-5098-4ABD-A387-C480197DDC59}
		{75F82F9E-3485-4737-A7FC-9D5DC7ED48A7} = {F8C48AAC-C935-4758-BC44-BBCF4D98206D}
	EndGlobalSection
	GlobalSection(ExtensibilityGlobals) = postSolution
		SolutionGuid = {1FE942A4-47B0-424E-8B0C-C996A6665A29}
	EndGlobalSection
EndGlobal
